// !$*UTF8*$!
{
	archiveVersion = 1;
	classes = {
	};
	objectVersion = 55;
	objects = {

/* Begin PBXBuildFile section */
		C1EBCFAF279FF37200065812 /* AppDelegate.swift in Sources */ = {isa = PBXBuildFile; fileRef = C1EBCFAE279FF37100065812 /* AppDelegate.swift */; };
		C1EBCFB1279FF37200065812 /* SceneDelegate.swift in Sources */ = {isa = PBXBuildFile; fileRef = C1EBCFB0279FF37200065812 /* SceneDelegate.swift */; };
		C1EBCFB3279FF37200065812 /* ViewController.swift in Sources */ = {isa = PBXBuildFile; fileRef = C1EBCFB2279FF37200065812 /* ViewController.swift */; };
		C1EBCFB6279FF37200065812 /* Main.storyboard in Resources */ = {isa = PBXBuildFile; fileRef = C1EBCFB4279FF37200065812 /* Main.storyboard */; };
		C1EBCFB8279FF37400065812 /* Assets.xcassets in Resources */ = {isa = PBXBuildFile; fileRef = C1EBCFB7279FF37400065812 /* Assets.xcassets */; };
		C1EBCFBB279FF37400065812 /* LaunchScreen.storyboard in Resources */ = {isa = PBXBuildFile; fileRef = C1EBCFB9279FF37400065812 /* LaunchScreen.storyboard */; };
		C1EBCFC427A01D9F00065812 /* Model.swift in Sources */ = {isa = PBXBuildFile; fileRef = C1EBCFC327A01D9F00065812 /* Model.swift */; };
		C1EBCFC727A01DCA00065812 /* WeatherAPI.swift in Sources */ = {isa = PBXBuildFile; fileRef = C1EBCFC627A01DCA00065812 /* WeatherAPI.swift */; };
		C1EBCFCE27A02C6500065812 /* ViewModel.swift in Sources */ = {isa = PBXBuildFile; fileRef = C1EBCFCD27A02C6500065812 /* ViewModel.swift */; };
		C1EBCFD027A0395E00065812 /* TextFieldExtention.swift in Sources */ = {isa = PBXBuildFile; fileRef = C1EBCFCF27A0395E00065812 /* TextFieldExtention.swift */; };
/* End PBXBuildFile section */

/* Begin PBXFileReference section */
		C1EBCFAB279FF37100065812 /* WeatherApp(MVVM+Combine+UIKit).app */ = {isa = PBXFileReference; explicitFileType = wrapper.application; includeInIndex = 0; path = "WeatherApp(MVVM+Combine+UIKit).app"; sourceTree = BUILT_PRODUCTS_DIR; };
		C1EBCFAE279FF37100065812 /* AppDelegate.swift */ = {isa = PBXFileReference; lastKnownFileType = sourcecode.swift; path = AppDelegate.swift; sourceTree = "<group>"; };
		C1EBCFB0279FF37200065812 /* SceneDelegate.swift */ = {isa = PBXFileReference; lastKnownFileType = sourcecode.swift; path = SceneDelegate.swift; sourceTree = "<group>"; };
		C1EBCFB2279FF37200065812 /* ViewController.swift */ = {isa = PBXFileReference; lastKnownFileType = sourcecode.swift; path = ViewController.swift; sourceTree = "<group>"; };
		C1EBCFB5279FF37200065812 /* Base */ = {isa = PBXFileReference; lastKnownFileType = file.storyboard; name = Base; path = Base.lproj/Main.storyboard; sourceTree = "<group>"; };
		C1EBCFB7279FF37400065812 /* Assets.xcassets */ = {isa = PBXFileReference; lastKnownFileType = folder.assetcatalog; path = Assets.xcassets; sourceTree = "<group>"; };
		C1EBCFBA279FF37400065812 /* Base */ = {isa = PBXFileReference; lastKnownFileType = file.storyboard; name = Base; path = Base.lproj/LaunchScreen.storyboard; sourceTree = "<group>"; };
		C1EBCFBC279FF37400065812 /* Info.plist */ = {isa = PBXFileReference; lastKnownFileType = text.plist.xml; path = Info.plist; sourceTree = "<group>"; };
		C1EBCFC327A01D9F00065812 /* Model.swift */ = {isa = PBXFileReference; lastKnownFileType = sourcecode.swift; path = Model.swift; sourceTree = "<group>"; };
		C1EBCFC627A01DCA00065812 /* WeatherAPI.swift */ = {isa = PBXFileReference; lastKnownFileType = sourcecode.swift; path = WeatherAPI.swift; sourceTree = "<group>"; };
		C1EBCFCD27A02C6500065812 /* ViewModel.swift */ = {isa = PBXFileReference; lastKnownFileType = sourcecode.swift; path = ViewModel.swift; sourceTree = "<group>"; };
		C1EBCFCF27A0395E00065812 /* TextFieldExtention.swift */ = {isa = PBXFileReference; lastKnownFileType = sourcecode.swift; path = TextFieldExtention.swift; sourceTree = "<group>"; };
/* End PBXFileReference section */

/* Begin PBXFrameworksBuildPhase section */
		C1EBCFA8279FF37100065812 /* Frameworks */ = {
			isa = PBXFrameworksBuildPhase;
			buildActionMask = 2147483647;
			files = (
			);
			runOnlyForDeploymentPostprocessing = 0;
		};
/* End PBXFrameworksBuildPhase section */

/* Begin PBXGroup section */
		C1EBCFA2279FF37100065812 = {
			isa = PBXGroup;
			children = (
				C1EBCFAD279FF37100065812 /* WeatherApp(MVVM+Combine+UIKit) */,
				C1EBCFAC279FF37100065812 /* Products */,
			);
			sourceTree = "<group>";
		};
		C1EBCFAC279FF37100065812 /* Products */ = {
			isa = PBXGroup;
			children = (
				C1EBCFAB279FF37100065812 /* WeatherApp(MVVM+Combine+UIKit).app */,
			);
			name = Products;
			sourceTree = "<group>";
		};
		C1EBCFAD279FF37100065812 /* WeatherApp(MVVM+Combine+UIKit) */ = {
			isa = PBXGroup;
			children = (
				C1EBCFCA27A01E6700065812 /* Other */,
				C1EBCFCC27A02C5100065812 /* Service */,
				C1EBCFC827A01DCE00065812 /* ViewModel */,
				C1EBCFC527A01DA700065812 /* Model */,
				C1EBCFC227A01D8F00065812 /* View */,
				C1EBCFD227A0397000065812 /* Extention */,
			);
			path = "WeatherApp(MVVM+Combine+UIKit)";
			sourceTree = "<group>";
		};
		C1EBCFC227A01D8F00065812 /* View */ = {
			isa = PBXGroup;
			children = (
				C1EBCFB2279FF37200065812 /* ViewController.swift */,
			);
			path = View;
			sourceTree = "<group>";
		};
		C1EBCFC527A01DA700065812 /* Model */ = {
			isa = PBXGroup;
			children = (
				C1EBCFC327A01D9F00065812 /* Model.swift */,
			);
			path = Model;
			sourceTree = "<group>";
		};
		C1EBCFC827A01DCE00065812 /* ViewModel */ = {
			isa = PBXGroup;
			children = (
				C1EBCFCD27A02C6500065812 /* ViewModel.swift */,
			);
			path = ViewModel;
			sourceTree = "<group>";
		};
		C1EBCFCA27A01E6700065812 /* Other */ = {
			isa = PBXGroup;
			children = (
				C1EBCFB4279FF37200065812 /* Main.storyboard */,
				C1EBCFB7279FF37400065812 /* Assets.xcassets */,
				C1EBCFB9279FF37400065812 /* LaunchScreen.storyboard */,
				C1EBCFBC279FF37400065812 /* Info.plist */,
				C1EBCFB0279FF37200065812 /* SceneDelegate.swift */,
				C1EBCFAE279FF37100065812 /* AppDelegate.swift */,
			);
			name = Other;
			sourceTree = "<group>";
		};
		C1EBCFCC27A02C5100065812 /* Service */ = {
			isa = PBXGroup;
			children = (
				C1EBCFC627A01DCA00065812 /* WeatherAPI.swift */,
			);
			path = Service;
			sourceTree = "<group>";
		};
		C1EBCFD227A0397000065812 /* Extention */ = {
			isa = PBXGroup;
			children = (
				C1EBCFCF27A0395E00065812 /* TextFieldExtention.swift */,
			);
			path = Extention;
			sourceTree = "<group>";
		};
/* End PBXGroup section */

/* Begin PBXNativeTarget section */
		C1EBCFAA279FF37100065812 /* WeatherApp(MVVM+Combine+UIKit) */ = {
			isa = PBXNativeTarget;
			buildConfigurationList = C1EBCFBF279FF37400065812 /* Build configuration list for PBXNativeTarget "WeatherApp(MVVM+Combine+UIKit)" */;
			buildPhases = (
				C1EBCFA7279FF37100065812 /* Sources */,
				C1EBCFA8279FF37100065812 /* Frameworks */,
				C1EBCFA9279FF37100065812 /* Resources */,
			);
			buildRules = (
			);
			dependencies = (
			);
			name = "WeatherApp(MVVM+Combine+UIKit)";
			productName = "WeatherApp(MVVM+Combine+UIKit)";
			productReference = C1EBCFAB279FF37100065812 /* WeatherApp(MVVM+Combine+UIKit).app */;
			productType = "com.apple.product-type.application";
		};
/* End PBXNativeTarget section */

/* Begin PBXProject section */
		C1EBCFA3279FF37100065812 /* Project object */ = {
			isa = PBXProject;
			attributes = {
				BuildIndependentTargetsInParallel = 1;
				LastSwiftUpdateCheck = 1320;
				LastUpgradeCheck = 1320;
				TargetAttributes = {
					C1EBCFAA279FF37100065812 = {
						CreatedOnToolsVersion = 13.2.1;
					};
				};
			};
			buildConfigurationList = C1EBCFA6279FF37100065812 /* Build configuration list for PBXProject "WeatherApp(MVVM+Combine+UIKit)" */;
			compatibilityVersion = "Xcode 13.0";
			developmentRegion = en;
			hasScannedForEncodings = 0;
			knownRegions = (
				en,
				Base,
			);
			mainGroup = C1EBCFA2279FF37100065812;
			productRefGroup = C1EBCFAC279FF37100065812 /* Products */;
			projectDirPath = "";
			projectRoot = "";
			targets = (
				C1EBCFAA279FF37100065812 /* WeatherApp(MVVM+Combine+UIKit) */,
			);
		};
/* End PBXProject section */

/* Begin PBXResourcesBuildPhase section */
		C1EBCFA9279FF37100065812 /* Resources */ = {
			isa = PBXResourcesBuildPhase;
			buildActionMask = 2147483647;
			files = (
				C1EBCFBB279FF37400065812 /* LaunchScreen.storyboard in Resources */,
				C1EBCFB8279FF37400065812 /* Assets.xcassets in Resources */,
				C1EBCFB6279FF37200065812 /* Main.storyboard in Resources */,
			);
			runOnlyForDeploymentPostprocessing = 0;
		};
/* End PBXResourcesBuildPhase section */

/* Begin PBXSourcesBuildPhase section */
		C1EBCFA7279FF37100065812 /* Sources */ = {
			isa = PBXSourcesBuildPhase;
			buildActionMask = 2147483647;
			files = (
				C1EBCFB3279FF37200065812 /* ViewController.swift in Sources */,
				C1EBCFAF279FF37200065812 /* AppDelegate.swift in Sources */,
				C1EBCFC727A01DCA00065812 /* WeatherAPI.swift in Sources */,
				C1EBCFB1279FF37200065812 /* SceneDelegate.swift in Sources */,
				C1EBCFCE27A02C6500065812 /* ViewModel.swift in Sources */,
				C1EBCFD027A0395E00065812 /* TextFieldExtention.swift in Sources */,
				C1EBCFC427A01D9F00065812 /* Model.swift in Sources */,
			);
			runOnlyForDeploymentPostprocessing = 0;
		};
/* End PBXSourcesBuildPhase section */

/* Begin PBXVariantGroup section */
		C1EBCFB4279FF37200065812 /* Main.storyboard */ = {
			isa = PBXVariantGroup;
			children = (
				C1EBCFB5279FF37200065812 /* Base */,
			);
			name = Main.storyboard;
			sourceTree = "<group>";
		};
		C1EBCFB9279FF37400065812 /* LaunchScreen.storyboard */ = {
			isa = PBXVariantGroup;
			children = (
				C1EBCFBA279FF37400065812 /* Base */,
			);
			name = LaunchScreen.storyboard;
			sourceTree = "<group>";
		};
/* End PBXVariantGroup section */

/* Begin XCBuildConfiguration section */
		C1EBCFBD279FF37400065812 /* Debug */ = {
			isa = XCBuildConfiguration;
			buildSettings = {
				ALWAYS_SEARCH_USER_PATHS = NO;
				CLANG_ANALYZER_NONNULL = YES;
				CLANG_ANALYZER_NUMBER_OBJECT_CONVERSION = YES_AGGRESSIVE;
				CLANG_CXX_LANGUAGE_STANDARD = "gnu++17";
				CLANG_CXX_LIBRARY = "libc++";
				CLANG_ENABLE_MODULES = YES;
				CLANG_ENABLE_OBJC_ARC = YES;
				CLANG_ENABLE_OBJC_WEAK = YES;
				CLANG_WARN_BLOCK_CAPTURE_AUTORELEASING = YES;
				CLANG_WARN_BOOL_CONVERSION = YES;
				CLANG_WARN_COMMA = YES;
				CLANG_WARN_CONSTANT_CONVERSION = YES;
				CLANG_WARN_DEPRECATED_OBJC_IMPLEMENTATIONS = YES;
				CLANG_WARN_DIRECT_OBJC_ISA_USAGE = YES_ERROR;
				CLANG_WARN_DOCUMENTATION_COMMENTS = YES;
				CLANG_WARN_EMPTY_BODY = YES;
				CLANG_WARN_ENUM_CONVERSION = YES;
				CLANG_WARN_INFINITE_RECURSION = YES;
				CLANG_WARN_INT_CONVERSION = YES;
				CLANG_WARN_NON_LITERAL_NULL_CONVERSION = YES;
				CLANG_WARN_OBJC_IMPLICIT_RETAIN_SELF = YES;
				CLANG_WARN_OBJC_LITERAL_CONVERSION = YES;
				CLANG_WARN_OBJC_ROOT_CLASS = YES_ERROR;
				CLANG_WARN_QUOTED_INCLUDE_IN_FRAMEWORK_HEADER = YES;
				CLANG_WARN_RANGE_LOOP_ANALYSIS = YES;
				CLANG_WARN_STRICT_PROTOTYPES = YES;
				CLANG_WARN_SUSPICIOUS_MOVE = YES;
				CLANG_WARN_UNGUARDED_AVAILABILITY = YES_AGGRESSIVE;
				CLANG_WARN_UNREACHABLE_CODE = YES;
				CLANG_WARN__DUPLICATE_METHOD_MATCH = YES;
				COPY_PHASE_STRIP = NO;
				DEBUG_INFORMATION_FORMAT = dwarf;
				ENABLE_STRICT_OBJC_MSGSEND = YES;
				ENABLE_TESTABILITY = YES;
				GCC_C_LANGUAGE_STANDARD = gnu11;
				GCC_DYNAMIC_NO_PIC = NO;
				GCC_NO_COMMON_BLOCKS = YES;
				GCC_OPTIMIZATION_LEVEL = 0;
				GCC_PREPROCESSOR_DEFINITIONS = (
					"DEBUG=1",
					"$(inherited)",
				);
				GCC_WARN_64_TO_32_BIT_CONVERSION = YES;
				GCC_WARN_ABOUT_RETURN_TYPE = YES_ERROR;
				GCC_WARN_UNDECLARED_SELECTOR = YES;
				GCC_WARN_UNINITIALIZED_AUTOS = YES_AGGRESSIVE;
				GCC_WARN_UNUSED_FUNCTION = YES;
				GCC_WARN_UNUSED_VARIABLE = YES;
				IPHONEOS_DEPLOYMENT_TARGET = 13.2;
				MTL_ENABLE_DEBUG_INFO = INCLUDE_SOURCE;
				MTL_FAST_MATH = YES;
				ONLY_ACTIVE_ARCH = YES;
				SDKROOT = iphoneos;
				SWIFT_ACTIVE_COMPILATION_CONDITIONS = DEBUG;
				SWIFT_OPTIMIZATION_LEVEL = "-Onone";
			};
			name = Debug;
		};
		C1EBCFBE279FF37400065812 /* Release */ = {
			isa = XCBuildConfiguration;
			buildSettings = {
				ALWAYS_SEARCH_USER_PATHS = NO;
				CLANG_ANALYZER_NONNULL = YES;
				CLANG_ANALYZER_NUMBER_OBJECT_CONVERSION = YES_AGGRESSIVE;
				CLANG_CXX_LANGUAGE_STANDARD = "gnu++17";
				CLANG_CXX_LIBRARY = "libc++";
				CLANG_ENABLE_MODULES = YES;
				CLANG_ENABLE_OBJC_ARC = YES;
				CLANG_ENABLE_OBJC_WEAK = YES;
				CLANG_WARN_BLOCK_CAPTURE_AUTORELEASING = YES;
				CLANG_WARN_BOOL_CONVERSION = YES;
				CLANG_WARN_COMMA = YES;
				CLANG_WARN_CONSTANT_CONVERSION = YES;
				CLANG_WARN_DEPRECATED_OBJC_IMPLEMENTATIONS = YES;
				CLANG_WARN_DIRECT_OBJC_ISA_USAGE = YES_ERROR;
				CLANG_WARN_DOCUMENTATION_COMMENTS = YES;
				CLANG_WARN_EMPTY_BODY = YES;
				CLANG_WARN_ENUM_CONVERSION = YES;
				CLANG_WARN_INFINITE_RECURSION = YES;
				CLANG_WARN_INT_CONVERSION = YES;
				CLANG_WARN_NON_LITERAL_NULL_CONVERSION = YES;
				CLANG_WARN_OBJC_IMPLICIT_RETAIN_SELF = YES;
				CLANG_WARN_OBJC_LITERAL_CONVERSION = YES;
				CLANG_WARN_OBJC_ROOT_CLASS = YES_ERROR;
				CLANG_WARN_QUOTED_INCLUDE_IN_FRAMEWORK_HEADER = YES;
				CLANG_WARN_RANGE_LOOP_ANALYSIS = YES;
				CLANG_WARN_STRICT_PROTOTYPES = YES;
				CLANG_WARN_SUSPICIOUS_MOVE = YES;
				CLANG_WARN_UNGUARDED_AVAILABILITY = YES_AGGRESSIVE;
				CLANG_WARN_UNREACHABLE_CODE = YES;
				CLANG_WARN__DUPLICATE_METHOD_MATCH = YES;
				COPY_PHASE_STRIP = NO;
				DEBUG_INFORMATION_FORMAT = "dwarf-with-dsym";
				ENABLE_NS_ASSERTIONS = NO;
				ENABLE_STRICT_OBJC_MSGSEND = YES;
				GCC_C_LANGUAGE_STANDARD = gnu11;
				GCC_NO_COMMON_BLOCKS = YES;
				GCC_WARN_64_TO_32_BIT_CONVERSION = YES;
				GCC_WARN_ABOUT_RETURN_TYPE = YES_ERROR;
				GCC_WARN_UNDECLARED_SELECTOR = YES;
				GCC_WARN_UNINITIALIZED_AUTOS = YES_AGGRESSIVE;
				GCC_WARN_UNUSED_FUNCTION = YES;
				GCC_WARN_UNUSED_VARIABLE = YES;
				IPHONEOS_DEPLOYMENT_TARGET = 13.2;
				MTL_ENABLE_DEBUG_INFO = NO;
				MTL_FAST_MATH = YES;
				SDKROOT = iphoneos;
				SWIFT_COMPILATION_MODE = wholemodule;
				SWIFT_OPTIMIZATION_LEVEL = "-O";
				VALIDATE_PRODUCT = YES;
			};
			name = Release;
		};
		C1EBCFC0279FF37400065812 /* Debug */ = {
			isa = XCBuildConfiguration;
			buildSettings = {
				ASSETCATALOG_COMPILER_APPICON_NAME = AppIcon;
				ASSETCATALOG_COMPILER_GLOBAL_ACCENT_COLOR_NAME = AccentColor;
				CODE_SIGN_STYLE = Automatic;
				CURRENT_PROJECT_VERSION = 1;
				GENERATE_INFOPLIST_FILE = YES;
				INFOPLIST_FILE = "WeatherApp(MVVM+Combine+UIKit)/Info.plist";
				INFOPLIST_KEY_UIApplicationSupportsIndirectInputEvents = YES;
				INFOPLIST_KEY_UILaunchStoryboardName = LaunchScreen;
				INFOPLIST_KEY_UIMainStoryboardFile = Main;
				INFOPLIST_KEY_UISupportedInterfaceOrientations_iPad = "UIInterfaceOrientationPortrait UIInterfaceOrientationPortraitUpsideDown UIInterfaceOrientationLandscapeLeft UIInterfaceOrientationLandscapeRight";
				INFOPLIST_KEY_UISupportedInterfaceOrientations_iPhone = "UIInterfaceOrientationPortrait UIInterfaceOrientationLandscapeLeft UIInterfaceOrientationLandscapeRight";
				IPHONEOS_DEPLOYMENT_TARGET = 13.2;
				LD_RUNPATH_SEARCH_PATHS = (
					"$(inherited)",
					"@executable_path/Frameworks",
				);
				MARKETING_VERSION = 1.0;
				PRODUCT_BUNDLE_IDENTIFIER = "ltheresi.WeatherApp-MVVM-Combine-UIKit-";
				PRODUCT_NAME = "$(TARGET_NAME)";
				SWIFT_EMIT_LOC_STRINGS = YES;
				SWIFT_VERSION = 5.0;
				TARGETED_DEVICE_FAMILY = 1;
			};
			name = Debug;
		};
		C1EBCFC1279FF37400065812 /* Release */ = {
			isa = XCBuildConfiguration;
			buildSettings = {
				ASSETCATALOG_COMPILER_APPICON_NAME = AppIcon;
				ASSETCATALOG_COMPILER_GLOBAL_ACCENT_COLOR_NAME = AccentColor;
				CODE_SIGN_STYLE = Automatic;
				CURRENT_PROJECT_VERSION = 1;
				GENERATE_INFOPLIST_FILE = YES;
				INFOPLIST_FILE = "WeatherApp(MVVM+Combine+UIKit)/Info.plist";
				INFOPLIST_KEY_UIApplicationSupportsIndirectInputEvents = YES;
				INFOPLIST_KEY_UILaunchStoryboardName = LaunchScreen;
				INFOPLIST_KEY_UIMainStoryboardFile = Main;
				INFOPLIST_KEY_UISupportedInterfaceOrientations_iPad = "UIInterfaceOrientationPortrait UIInterfaceOrientationPortraitUpsideDown UIInterfaceOrientationLandscapeLeft UIInterfaceOrientationLandscapeRight";
				INFOPLIST_KEY_UISupportedInterfaceOrientations_iPhone = "UIInterfaceOrientationPortrait UIInterfaceOrientationLandscapeLeft UIInterfaceOrientationLandscapeRight";
				IPHONEOS_DEPLOYMENT_TARGET = 13.2;
				LD_RUNPATH_SEARCH_PATHS = (
					"$(inherited)",
					"@executable_path/Frameworks",
				);
				MARKETING_VERSION = 1.0;
				PRODUCT_BUNDLE_IDENTIFIER = "ltheresi.WeatherApp-MVVM-Combine-UIKit-";
				PRODUCT_NAME = "$(TARGET_NAME)";
				SWIFT_EMIT_LOC_STRINGS = YES;
				SWIFT_VERSION = 5.0;
				TARGETED_DEVICE_FAMILY = 1;
			};
			name = Release;
		};
/* End XCBuildConfiguration section */

/* Begin XCConfigurationList section */
		C1EBCFA6279FF37100065812 /* Build configuration list for PBXProject "WeatherApp(MVVM+Combine+UIKit)" */ = {
			isa = XCConfigurationList;
			buildConfigurations = (
				C1EBCFBD279FF37400065812 /* Debug */,
				C1EBCFBE279FF37400065812 /* Release */,
			);
			defaultConfigurationIsVisible = 0;
			defaultConfigurationName = Release;
		};
		C1EBCFBF279FF37400065812 /* Build configuration list for PBXNativeTarget "WeatherApp(MVVM+Combine+UIKit)" */ = {
			isa = XCConfigurationList;
			buildConfigurations = (
				C1EBCFC0279FF37400065812 /* Debug */,
				C1EBCFC1279FF37400065812 /* Release */,
			);
			defaultConfigurationIsVisible = 0;
			defaultConfigurationName = Release;
		};
/* End XCConfigurationList section */
	};
	rootObject = C1EBCFA3279FF37100065812 /* Project object */;
}
